
Microsoft Visual Studio Solution File, Format Version 12.00
# Visual Studio 15
VisualStudioVersion = 15.0.27703.2035
MinimumVisualStudioVersion = 10.0.40219.1
Project("{8BC9CEB8-8B4A-11D0-8D11-00A0C91BC942}") = "ThreadedBinaryTree", "ThreadedBinaryTree\ThreadedBinaryTree.vcxproj", "{BC9C4664-2F8E-4BEF-B0BA-CB44F00C0A19}"
EndProject
Global
	GlobalSection(SolutionConfigurationPlatforms) = preSolution
		Debug|x64 = Debug|x64
		Debug|x86 = Debug|x86
		Release|x64 = Release|x64
		Release|x86 = Release|x86
	EndGlobalSection
	GlobalSection(ProjectConfigurationPlatforms) = postSolution
		{BC9C4664-2F8E-4BEF-B0BA-CB44F00C0A19}.Debug|x64.ActiveCfg = Debug|x64
		{BC9C4664-2F8E-4BEF-B0BA-CB44F00C0A19}.Debug|x64.Build.0 = Debug|x64
		{BC9C4664-2F8E-4BEF-B0BA-CB44F00C0A19}.Debug|x86.ActiveCfg = Debug|Win32
		{BC9C4664-2F8E-4BEF-B0BA-CB44F00C0A19}.Debug|x86.Build.0 = Debug|Win32
		{BC9C4664-2F8E-4BEF-B0BA-CB44F00C0A19}.Release|x64.ActiveCfg = Release|x64
		{BC9C4664-2F8E-4BEF-B0BA-CB44F00C0A19}.Release|x64.Build.0 = Release|x64
		{BC9C4664-2F8E-4BEF-B0BA-CB44F00C0A19}.Release|x86.ActiveCfg = Release|Win32
		{BC9C4664-2F8E-4BEF-B0BA-CB44F00C0A19}.Release|x86.Build.0 = Release|Win32
	EndGlobalSection
	GlobalSection(SolutionProperties) = preSolution
		HideSolutionNode = FALSE
	EndGlobalSection
	GlobalSection(ExtensibilityGlobals) = postSolution
		SolutionGuid = {6CD6C5D0-179D-4F59-8264-2C9E0BF55C1D}
	EndGlobalSection
EndGlobal
