
Microsoft Visual Studio Solution File, Format Version 12.00
# Visual Studio 15
VisualStudioVersion = 15.0.27703.2035
MinimumVisualStudioVersion = 10.0.40219.1
Project("{8BC9CEB8-8B4A-11D0-8D11-00A0C91BC942}") = "ThreadedBinaryTree2", "ThreadedBinaryTree2\ThreadedBinaryTree2.vcxproj", "{5332B6E6-0A30-4733-AE43-0BD3913F5825}"
EndProject
Global
	GlobalSection(SolutionConfigurationPlatforms) = preSolution
		Debug|x64 = Debug|x64
		Debug|x86 = Debug|x86
		Release|x64 = Release|x64
		Release|x86 = Release|x86
	EndGlobalSection
	GlobalSection(ProjectConfigurationPlatforms) = postSolution
		{5332B6E6-0A30-4733-AE43-0BD3913F5825}.Debug|x64.ActiveCfg = Debug|x64
		{5332B6E6-0A30-4733-AE43-0BD3913F5825}.Debug|x64.Build.0 = Debug|x64
		{5332B6E6-0A30-4733-AE43-0BD3913F5825}.Debug|x86.ActiveCfg = Debug|Win32
		{5332B6E6-0A30-4733-AE43-0BD3913F5825}.Debug|x86.Build.0 = Debug|Win32
		{5332B6E6-0A30-4733-AE43-0BD3913F5825}.Release|x64.ActiveCfg = Release|x64
		{5332B6E6-0A30-4733-AE43-0BD3913F5825}.Release|x64.Build.0 = Release|x64
		{5332B6E6-0A30-4733-AE43-0BD3913F5825}.Release|x86.ActiveCfg = Release|Win32
		{5332B6E6-0A30-4733-AE43-0BD3913F5825}.Release|x86.Build.0 = Release|Win32
	EndGlobalSection
	GlobalSection(SolutionProperties) = preSolution
		HideSolutionNode = FALSE
	EndGlobalSection
	GlobalSection(ExtensibilityGlobals) = postSolution
		SolutionGuid = {FE9959C4-7344-4B87-8025-BA5C500C8481}
	EndGlobalSection
EndGlobal
